{
  "name": "@venkat-clone/post-service",
  "version": "1.0.0",
  "lockfileVersion": 3,
  "requires": true,
  "packages": {
    "": {
      "name": "@venkat-clone/post-service",
      "version": "1.0.0",
      "license": "ISC",
      "dependencies": {
        "@venkat-clone/post-dao": "^1.0.0"
      },
      "devDependencies": {}
    },
    "node_modules/@prisma/client": {
      "version": "6.17.1",
      "resolved": "https://registry.npmjs.org/@prisma/client/-/client-6.17.1.tgz",
      "integrity": "sha512-zL58jbLzYamjnNnmNA51IOZdbk5ci03KviXCuB0Tydc9btH2kDWsi1pQm2VecviRTM7jGia0OPPkgpGnT3nKvw==",
      "hasInstallScript": true,
      "license": "Apache-2.0",
      "engines": {
        "node": ">=18.18"
      },
      "peerDependencies": {
        "prisma": "*",
        "typescript": ">=5.1.0"
      },
      "peerDependenciesMeta": {
        "prisma": {
          "optional": true
        },
        "typescript": {
          "optional": true
        }
      }
    },
    "node_modules/@venkat-clone/orm": {
      "version": "1.0.1",
      "resolved": "https://npm.pkg.github.com/download/@venkat-clone/orm/1.0.1/0666901eabe44f17d020c89af0f948e8151d3053",
      "integrity": "sha512-IJ7fZTmJIadBdNC6/EwaUGKlxynKvAZxg+DVbHKoQ7ym6CzelSv9gOewS/WXNVGW0wOK2DwoQqLLBlXoyrBvhg==",
      "license": "ISC",
      "dependencies": {
        "@prisma/client": "^6.17.1"
      }
    },
    "node_modules/@venkat-clone/post-dao": {
      "version": "1.0.0",
      "resolved": "https://npm.pkg.github.com/download/@venkat-clone/post-dao/1.0.0/79a8ddd224046b06c3439c106625c4ebd2f7bfa8",
      "integrity": "sha512-llNr5nz3NZzc3gVN7cF9bGlip0E8OrSvrF78x1bq7FAT52w3hRlWkM1kAwwIz7CuvZCKqFErjCqEm8cODgjhxw==",
      "license": "ISC",
      "dependencies": {
        "@venkat-clone/orm": "^1.0.1"
      }
    }
  }
}
